
Microsoft Visual Studio Solution File, Format Version 10.00
# Visual Studio 2008
Project("{FAE04EC0-301F-11D3-BF4B-00C04F79EFBC}") = "SocketChat", "WindowsFormsApplication1\SocketChat.csproj", "{9BCC331E-7962-4394-8199-A2A7352FA612}"
EndProject
Project("{FAE04EC0-301F-11D3-BF4B-00C04F79EFBC}") = "Server", "..\Server\Server\Server.csproj", "{3E28F673-622E-4641-A997-350DDC237CC1}"
EndProject
Global
	GlobalSection(SolutionConfigurationPlatforms) = preSolution
		Debug|Any CPU = Debug|Any CPU
		Release|Any CPU = Release|Any CPU
	EndGlobalSection
	GlobalSection(ProjectConfigurationPlatforms) = postSolution
		{9BCC331E-7962-4394-8199-A2A7352FA612}.Debug|Any CPU.ActiveCfg = Debug|Any CPU
		{9BCC331E-7962-4394-8199-A2A7352FA612}.Debug|Any CPU.Build.0 = Debug|Any CPU
		{9BCC331E-7962-4394-8199-A2A7352FA612}.Release|Any CPU.ActiveCfg = Release|Any CPU
		{9BCC331E-7962-4394-8199-A2A7352FA612}.Release|Any CPU.Build.0 = Release|Any CPU
		{3E28F673-622E-4641-A997-350DDC237CC1}.Debug|Any CPU.ActiveCfg = Debug|Any CPU
		{3E28F673-622E-4641-A997-350DDC237CC1}.Debug|Any CPU.Build.0 = Debug|Any CPU
		{3E28F673-622E-4641-A997-350DDC237CC1}.Release|Any CPU.ActiveCfg = Release|Any CPU
		{3E28F673-622E-4641-A997-350DDC237CC1}.Release|Any CPU.Build.0 = Release|Any CPU
	EndGlobalSection
	GlobalSection(SolutionProperties) = preSolution
		HideSolutionNode = FALSE
	EndGlobalSection
EndGlobal
